
Microsoft Visual Studio Solution File, Format Version 12.00
# Visual Studio Version 17
VisualStudioVersion = 17.3.32922.545
MinimumVisualStudioVersion = 10.0.40219.1
Project("{FAE04EC0-301F-11D3-BF4B-00C04F79EFBC}") = "ApiCrudPersonajes", "ApiCrudPersonajes\ApiCrudPersonajes.csproj", "{61B7F01B-291F-433B-9E54-95CCED1C7FC2}"
EndProject
Global
	GlobalSection(SolutionConfigurationPlatforms) = preSolution
		Debug|Any CPU = Debug|Any CPU
		Release|Any CPU = Release|Any CPU
	EndGlobalSection
	GlobalSection(ProjectConfigurationPlatforms) = postSolution
		{61B7F01B-291F-433B-9E54-95CCED1C7FC2}.Debug|Any CPU.ActiveCfg = Debug|Any CPU
		{61B7F01B-291F-433B-9E54-95CCED1C7FC2}.Debug|Any CPU.Build.0 = Debug|Any CPU
		{61B7F01B-291F-433B-9E54-95CCED1C7FC2}.Release|Any CPU.ActiveCfg = Release|Any CPU
		{61B7F01B-291F-433B-9E54-95CCED1C7FC2}.Release|Any CPU.Build.0 = Release|Any CPU
	EndGlobalSection
	GlobalSection(SolutionProperties) = preSolution
		HideSolutionNode = FALSE
	EndGlobalSection
	GlobalSection(ExtensibilityGlobals) = postSolution
		SolutionGuid = {B490C2AA-A172-461F-B98B-0F5903984C84}
	EndGlobalSection
EndGlobal
